
Microsoft Visual Studio Solution File, Format Version 12.00
# Visual Studio 15
VisualStudioVersion = 15.0.28307.757
MinimumVisualStudioVersion = 10.0.40219.1
Project("{FAE04EC0-301F-11D3-BF4B-00C04F79EFBC}") = "ESFA.DAS.QA.LOADTEST.PROJECT.006.PROD", "WebAndLoadTestProject1\ESFA.DAS.QA.LOADTEST.PROJECT.006.PROD.csproj", "{2C7419CF-B29E-478C-8AE9-3B9443F299DC}"
EndProject
Project("{2150E333-8FDC-42A3-9474-1A3956D46DE8}") = "Solution Items", "Solution Items", "{5A9BBA61-A884-454D-BCEA-53AD719A67EA}"
	ProjectSection(SolutionItems) = preProject
		Local.testsettings = Local.testsettings
	EndProjectSection
EndProject
Project("{FAE04EC0-301F-11D3-BF4B-00C04F79EFBC}") = "ESFA.DAS.QA.LOADTEST.PROJECT.008.PLUGINS.PROD", "ESFA.DAS.QA.LOADTEST.PROJECT.008.PLUGINS.PROD\ESFA.DAS.QA.LOADTEST.PROJECT.008.PLUGINS.PROD.csproj", "{E87FF1CE-45C4-4F7D-9537-1689597A1761}"
EndProject
Project("{FAE04EC0-301F-11D3-BF4B-00C04F79EFBC}") = "ESFA.DAS.QA.LOADTEST.PROJECT.005.PROD", "ESFA.DAS.QA.LOADTEST.PROJECT.005.PROD\ESFA.DAS.QA.LOADTEST.PROJECT.005.PROD.csproj", "{DAC7CFA7-D740-4A8C-AC1E-E555CC40FA84}"
EndProject
Global
	GlobalSection(SolutionConfigurationPlatforms) = preSolution
		Debug|Any CPU = Debug|Any CPU
		Release|Any CPU = Release|Any CPU
	EndGlobalSection
	GlobalSection(ProjectConfigurationPlatforms) = postSolution
		{2C7419CF-B29E-478C-8AE9-3B9443F299DC}.Debug|Any CPU.ActiveCfg = Debug|Any CPU
		{2C7419CF-B29E-478C-8AE9-3B9443F299DC}.Debug|Any CPU.Build.0 = Debug|Any CPU
		{2C7419CF-B29E-478C-8AE9-3B9443F299DC}.Release|Any CPU.ActiveCfg = Release|Any CPU
		{2C7419CF-B29E-478C-8AE9-3B9443F299DC}.Release|Any CPU.Build.0 = Release|Any CPU
		{E87FF1CE-45C4-4F7D-9537-1689597A1761}.Debug|Any CPU.ActiveCfg = Debug|Any CPU
		{E87FF1CE-45C4-4F7D-9537-1689597A1761}.Debug|Any CPU.Build.0 = Debug|Any CPU
		{E87FF1CE-45C4-4F7D-9537-1689597A1761}.Release|Any CPU.ActiveCfg = Release|Any CPU
		{E87FF1CE-45C4-4F7D-9537-1689597A1761}.Release|Any CPU.Build.0 = Release|Any CPU
		{DAC7CFA7-D740-4A8C-AC1E-E555CC40FA84}.Debug|Any CPU.ActiveCfg = Debug|Any CPU
		{DAC7CFA7-D740-4A8C-AC1E-E555CC40FA84}.Debug|Any CPU.Build.0 = Debug|Any CPU
		{DAC7CFA7-D740-4A8C-AC1E-E555CC40FA84}.Release|Any CPU.ActiveCfg = Release|Any CPU
		{DAC7CFA7-D740-4A8C-AC1E-E555CC40FA84}.Release|Any CPU.Build.0 = Release|Any CPU
	EndGlobalSection
	GlobalSection(SolutionProperties) = preSolution
		HideSolutionNode = FALSE
	EndGlobalSection
	GlobalSection(ExtensibilityGlobals) = postSolution
		SolutionGuid = {464EA0DC-E7B4-4ADD-90DA-DB75B6C92EAF}
	EndGlobalSection
EndGlobal
